# This file is automatically @generated by Poetry 1.8.3 and should not be changed by hand.

[[package]]
name = "cfgs"
version = "0.13.0"
description = "🍇 XDG standard config files 🍇"
optional = false
python-versions = ">=3.8"
files = [
    {file = "cfgs-0.13.0-py3-none-any.whl", hash = "sha256:a3e80a31e32c2fae987cb3c38481bbbf4b276bc517e8862f87e9ff174620fa09"},
    {file = "cfgs-0.13.0.tar.gz", hash = "sha256:cef47e67f0512783ee83e24cc2f39e5b23b5d4ca0c32bbd721bd64f48636667e"},
]

[[package]]
name = "click"
version = "8.1.7"
description = "Composable command line interface toolkit"
optional = false
python-versions = ">=3.7"
files = [
    {file = "click-8.1.7-py3-none-any.whl", hash = "sha256:ae74fb96c20a0277a1d615f1e4d73c8414f5a98db8b799a7931d1582f3390c28"},
    {file = "click-8.1.7.tar.gz", hash = "sha256:ca9853ad459e787e2192211578cc907e7594e294c7ccc834310722b41b9ca6de"},
]

[package.dependencies]
colorama = {version = "*", markers = "platform_system == \"Windows\""}

[[package]]
name = "colorama"
version = "0.4.6"
description = "Cross-platform colored terminal text."
optional = false
python-versions = "!=3.0.*,!=3.1.*,!=3.2.*,!=3.3.*,!=3.4.*,!=3.5.*,!=3.6.*,>=2.7"
files = [
    {file = "colorama-0.4.6-py2.py3-none-any.whl", hash = "sha256:4f1d9991f5acc0ca119f9d443620b77f9d6b33703e51011c16baf57afb285fc6"},
    {file = "colorama-0.4.6.tar.gz", hash = "sha256:08695f5cb7ed6e0531a20572697297273c47b8cae5a63ffc6d6ed5c201be6e44"},
]

[[package]]
name = "coverage"
version = "7.6.5"
description = "Code coverage measurement for Python"
optional = false
python-versions = ">=3.9"
files = [
    {file = "coverage-7.6.5-cp310-cp310-macosx_10_9_x86_64.whl", hash = "sha256:d5fc459f1b62aa328b5c6943b4fa060fa63e7749e41c974929c503dc01d0527b"},
    {file = "coverage-7.6.5-cp310-cp310-macosx_11_0_arm64.whl", hash = "sha256:197fc6b5e6271c4f822486cabbd91f32e73f784076b69c91179c5a9fec2d1442"},
    {file = "coverage-7.6.5-cp310-cp310-manylinux_2_17_aarch64.manylinux2014_aarch64.whl", hash = "sha256:1a7cab0762dfbf0b0cd6eb22f7bceade31bda0f0647f9420cbb45571de4493a3"},
    {file = "coverage-7.6.5-cp310-cp310-manylinux_2_5_i686.manylinux1_i686.manylinux_2_17_i686.manylinux2014_i686.whl", hash = "sha256:ee4559597f53455d70b9935e25c21fd05aebbb8d540af04097f7cf6dc7562754"},
    {file = "coverage-7.6.5-cp310-cp310-manylinux_2_5_x86_64.manylinux1_x86_64.manylinux_2_17_x86_64.manylinux2014_x86_64.whl", hash = "sha256:16e68b894ee1a170da94b7da381527f277ec00c67f6141e79aa1ce8eebbb5561"},
    {file = "coverage-7.6.5-cp310-cp310-musllinux_1_2_aarch64.whl", hash = "sha256:fe4ea637711f1f1895895578972e3d0ed5efb6ef970ba0e2e26d9fad1e3c820e"},
    {file = "coverage-7.6.5-cp310-cp310-musllinux_1_2_i686.whl", hash = "sha256:1d5f036235a747cd30be433ef7ba6dab5ac41d8dc69d54094d5438c34fe8d565"},
    {file = "coverage-7.6.5-cp310-cp310-musllinux_1_2_x86_64.whl", hash = "sha256:7a6ab7b88b1a614bc1db015e68048eb29b0c30ffa01be3d7d04da1f320db0f01"},
    {file = "coverage-7.6.5-cp310-cp310-win32.whl", hash = "sha256:ad712a72cd734fb4265041005011bbf61f8d6cba74e12c91f14a9cda63a80a64"},
    {file = "coverage-7.6.5-cp310-cp310-win_amd64.whl", hash = "sha256:61e03bb66c087b74aea6c28d10a49f72eca98b95438a8db1ae6dfcdd060f9039"},
    {file = "coverage-7.6.5-cp311-cp311-macosx_10_9_x86_64.whl", hash = "sha256:dffec9f67f4eb8bc9c5df720833f1f1ca36b73d86e6f95b422ca5210e264cc26"},
    {file = "coverage-7.6.5-cp311-cp311-macosx_11_0_arm64.whl", hash = "sha256:2fde790ac0024af19fc5327fd50890dad0c31b653f6d2ed91ab2810c046bfe22"},
    {file = "coverage-7.6.5-cp311-cp311-manylinux_2_17_aarch64.manylinux2014_aarch64.whl", hash = "sha256:3250186381ec8e9b71234fb92ef77da87d81cbf20df3364f8f5ebf7180ec030d"},
    {file = "coverage-7.6.5-cp311-cp311-manylinux_2_5_i686.manylinux1_i686.manylinux_2_17_i686.manylinux2014_i686.whl", hash = "sha256:2ecfa205ce1fab6d8e94fe011eec04f6035a6069f70c331efd7cd1cd2d33d897"},
    {file = "coverage-7.6.5-cp311-cp311-manylinux_2_5_x86_64.manylinux1_x86_64.manylinux_2_17_x86_64.manylinux2014_x86_64.whl", hash = "sha256:15af7bfbc37de33e7df3f740cc735057606c63bbe44aee8b07339a3e7bb8ecf6"},
    {file = "coverage-7.6.5-cp311-cp311-musllinux_1_2_aarch64.whl", hash = "sha256:caf4d6af23af0e0df4e40e9985f6063d7f5434f225ee4d4ed7001f1428302403"},
    {file = "coverage-7.6.5-cp311-cp311-musllinux_1_2_i686.whl", hash = "sha256:5dcf2da597fe616a41c59e29fd8d390ac2149aeed421172eef14470c7e9dcd06"},
    {file = "coverage-7.6.5-cp311-cp311-musllinux_1_2_x86_64.whl", hash = "sha256:ebc76107d896a53116e5ef21998f321b630b574a65b78b01176ca64e8978b43e"},
    {file = "coverage-7.6.5-cp311-cp311-win32.whl", hash = "sha256:0e9e4cd48dca252d99bb97b14f13b5940813937cc7ec568418c1a195dec9cbcc"},
    {file = "coverage-7.6.5-cp311-cp311-win_amd64.whl", hash = "sha256:a6eb14739a20c5a46073c8ad066ada17d91d14599ed98d724614db46fbae867b"},
    {file = "coverage-7.6.5-cp312-cp312-macosx_10_13_x86_64.whl", hash = "sha256:9ae01c434cb0d445008257bb42dcd38112190e5bfc3a4480fde49572b16bc2ae"},
    {file = "coverage-7.6.5-cp312-cp312-macosx_11_0_arm64.whl", hash = "sha256:c72ef3be899f389c9f0934a9d06a28fa097ade096760102c732583c04cc31d75"},
    {file = "coverage-7.6.5-cp312-cp312-manylinux_2_17_aarch64.manylinux2014_aarch64.whl", hash = "sha256:d2fc574b4fb082a0141d4df00079c4877d46cb98e8ec979cbd9a92426f5abd8a"},
    {file = "coverage-7.6.5-cp312-cp312-manylinux_2_5_i686.manylinux1_i686.manylinux_2_17_i686.manylinux2014_i686.whl", hash = "sha256:1bc0eba158ad9d1883efb4f1bf08f88a999e091daf30454fd5f136322e700c72"},
    {file = "coverage-7.6.5-cp312-cp312-manylinux_2_5_x86_64.manylinux1_x86_64.manylinux_2_17_x86_64.manylinux2014_x86_64.whl", hash = "sha256:a360b282c0acbf3541cc67e8d8a2a65589ea6cfa10c7e8a48e318bf28ca90f94"},
    {file = "coverage-7.6.5-cp312-cp312-musllinux_1_2_aarch64.whl", hash = "sha256:b22f96d3f2425942a649d786f57ae431425c9a970afae784cd865c1ffee34bad"},
    {file = "coverage-7.6.5-cp312-cp312-musllinux_1_2_i686.whl", hash = "sha256:70eca9c6bf742feaf3ee453c1aaa932c2ab88ca420f411d90aa43ae831127b22"},
    {file = "coverage-7.6.5-cp312-cp312-musllinux_1_2_x86_64.whl", hash = "sha256:2c4bafec5da3498d498a4ca3136f5a01fded487c6a54f18aea0bcd673feedf1b"},
    {file = "coverage-7.6.5-cp312-cp312-win32.whl", hash = "sha256:edecf498cabb335e8a683eb672558355bb9536d4397c54f1e135d9b8910512a3"},
    {file = "coverage-7.6.5-cp312-cp312-win_amd64.whl", hash = "sha256:e7c40ae56761d3c08f916019b2f8579a147f93be8e12f0f2bf4edc4ea9e1c0ab"},
    {file = "coverage-7.6.5-cp313-cp313-macosx_10_13_x86_64.whl", hash = "sha256:49ea4a739dc14856d7c5f935da90db123b77a850cfddcfacb490a28de8f87257"},
    {file = "coverage-7.6.5-cp313-cp313-macosx_11_0_arm64.whl", hash = "sha256:e0c51339a28aa43d0f2b1211e57ceeeeed5e09f4deb6fc543d939de68069e81e"},
    {file = "coverage-7.6.5-cp313-cp313-manylinux_2_17_aarch64.manylinux2014_aarch64.whl", hash = "sha256:040c3d5cf4db24e7cb890bf4b547a25bd3a3516c58c9f2a22f822199ee2ad8ed"},
    {file = "coverage-7.6.5-cp313-cp313-manylinux_2_5_i686.manylinux1_i686.manylinux_2_17_i686.manylinux2014_i686.whl", hash = "sha256:f0b7e67f9d3b156ab93fce71485fadd043ab04b45d5d88623c6d94f7d16ced5b"},
    {file = "coverage-7.6.5-cp313-cp313-manylinux_2_5_x86_64.manylinux1_x86_64.manylinux_2_17_x86_64.manylinux2014_x86_64.whl", hash = "sha256:e078bfb114025c55fdbaa802f4c13e20e6ce4e10a96918d7234656b41f69e649"},
    {file = "coverage-7.6.5-cp313-cp313-musllinux_1_2_aarch64.whl", hash = "sha256:559cdb21aca30810e648ac08270535c1d2e17226ebbdf90860a060d3680cb05f"},
    {file = "coverage-7.6.5-cp313-cp313-musllinux_1_2_i686.whl", hash = "sha256:23e2dd956277061f24d9eda7539113a9c35a9409a9935647a34ced79b8aacb75"},
    {file = "coverage-7.6.5-cp313-cp313-musllinux_1_2_x86_64.whl", hash = "sha256:3e7c4ccb41dc9830b2ca8592e401045a81740f627c7c0348bdc3b7373ce52f8e"},
    {file = "coverage-7.6.5-cp313-cp313-win32.whl", hash = "sha256:9d3565bb7deaa12d634426f113e6b106028c535667ba7756af65f00464981ba5"},
    {file = "coverage-7.6.5-cp313-cp313-win_amd64.whl", hash = "sha256:5039410420d9ddcd5b8566d3afbb28b89d70c4481dbb283ea543263cbefa2b67"},
    {file = "coverage-7.6.5-cp313-cp313t-macosx_10_13_x86_64.whl", hash = "sha256:77b640aa78d4d9f620fb2e1b2a41b0d196120c188d0a7f678761d668d6251fcc"},
    {file = "coverage-7.6.5-cp313-cp313t-macosx_11_0_arm64.whl", hash = "sha256:bb3799f6279df37e369027128926de4c159e6399000316ebd7a69e55b84dc97f"},
    {file = "coverage-7.6.5-cp313-cp313t-manylinux_2_17_aarch64.manylinux2014_aarch64.whl", hash = "sha256:55aba7ab64e8af37a18064f23f399dff10041fa3aaf201528f12004968638b9f"},
    {file = "coverage-7.6.5-cp313-cp313t-manylinux_2_5_i686.manylinux1_i686.manylinux_2_17_i686.manylinux2014_i686.whl", hash = "sha256:6065a988d724dd3328cb21e97378bef0549b2f8b7ac0a3376785d9f7f05dc736"},
    {file = "coverage-7.6.5-cp313-cp313t-manylinux_2_5_x86_64.manylinux1_x86_64.manylinux_2_17_x86_64.manylinux2014_x86_64.whl", hash = "sha256:5f092d222e4286cdd1ab9707da36944c11ba6294d8c9b18534057f03e6866367"},
    {file = "coverage-7.6.5-cp313-cp313t-musllinux_1_2_aarch64.whl", hash = "sha256:1dc99aece5f899955eece053a798e279f7fe7059dd5e2a95af82878cfe4a44e1"},
    {file = "coverage-7.6.5-cp313-cp313t-musllinux_1_2_i686.whl", hash = "sha256:1b14515f83ffa7a6787e725d804c6b11dd317a6bd0373d8519a61e4a587fe534"},
    {file = "coverage-7.6.5-cp313-cp313t-musllinux_1_2_x86_64.whl", hash = "sha256:9fa6d90130165346935541f3762933dae07e237ff7d6d780fae556039f08a470"},
    {file = "coverage-7.6.5-cp313-cp313t-win32.whl", hash = "sha256:1be9ec4c49becb35955b9d69c27e6385aedd40d233f1cf065e8430c59924b30e"},
    {file = "coverage-7.6.5-cp313-cp313t-win_amd64.whl", hash = "sha256:7ff4fd7679df56e36fc838ef227e95e3aa1b0ca0548daede7f8ae6e54479c115"},
    {file = "coverage-7.6.5-cp39-cp39-macosx_10_9_x86_64.whl", hash = "sha256:23abf0846290aa57d629c4f4181d0d56cbaa45d3999e60cb0df1d2bab7bc6bfe"},
    {file = "coverage-7.6.5-cp39-cp39-macosx_11_0_arm64.whl", hash = "sha256:b4903685e8059e170182ac4681ee72d2dfbb92692225023c1e325a9d85c1be31"},
    {file = "coverage-7.6.5-cp39-cp39-manylinux_2_17_aarch64.manylinux2014_aarch64.whl", hash = "sha256:4ad9621fd9773b1461f8942da4130fbb16ee0a877eb58bc57532ea41cce20d3e"},
    {file = "coverage-7.6.5-cp39-cp39-manylinux_2_5_i686.manylinux1_i686.manylinux_2_17_i686.manylinux2014_i686.whl", hash = "sha256:7324358a77f37ffd8ba94d3c8326eb316c972ec72264f36fc3be04cff8542465"},
    {file = "coverage-7.6.5-cp39-cp39-manylinux_2_5_x86_64.manylinux1_x86_64.manylinux_2_17_x86_64.manylinux2014_x86_64.whl", hash = "sha256:bf182001229411cd6a90d180973b345bd6fe255dbbac362100e6a625dfb107f5"},
    {file = "coverage-7.6.5-cp39-cp39-musllinux_1_2_aarch64.whl", hash = "sha256:4601dacd88556c94c9fb5063b9354b1fe971af9a5b25b2575faefd12bf8170a5"},
    {file = "coverage-7.6.5-cp39-cp39-musllinux_1_2_i686.whl", hash = "sha256:e5aa3d62285ef1b16f655e1ae298c6fa919209637d317934e382e9b99c28c118"},
    {file = "coverage-7.6.5-cp39-cp39-musllinux_1_2_x86_64.whl", hash = "sha256:8cb5601620c3d98d2c98847272acc2406333d43c9d7d49386d879bd451677429"},
    {file = "coverage-7.6.5-cp39-cp39-win32.whl", hash = "sha256:c32428f6285344caedd945236f31c46645bb10faae8702d1409bb49df218e55a"},
    {file = "coverage-7.6.5-cp39-cp39-win_amd64.whl", hash = "sha256:809e868eee27d056bc72590c69940c119775d218681b1a8ef9ba0ef8d7693e53"},
    {file = "coverage-7.6.5-pp39.pp310-none-any.whl", hash = "sha256:49145276f39f940b18a539e1e4a378e06c64a127922450ffd2fb82b9fe1ad3d9"},
    {file = "coverage-7.6.5.tar.gz", hash = "sha256:6069188329fbe0a63876719099076261ce7a1adeea95bf236cff4353a8451b0d"},
]

[package.dependencies]
tomli = {version = "*", optional = true, markers = "python_full_version <= \"3.11.0a6\" and extra == \"toml\""}

[package.extras]
toml = ["tomli"]

[[package]]
name = "exceptiongroup"
version = "1.2.1"
description = "Backport of PEP 654 (exception groups)"
optional = false
python-versions = ">=3.7"
files = [
    {file = "exceptiongroup-1.2.1-py3-none-any.whl", hash = "sha256:5258b9ed329c5bbdd31a309f53cbfb0b155341807f6ff7606a1e801a891b29ad"},
    {file = "exceptiongroup-1.2.1.tar.gz", hash = "sha256:a4785e48b045528f5bfe627b6ad554ff32def154f42372786903b7abcfe1aa16"},
]

[package.extras]
test = ["pytest (>=6)"]

[[package]]
name = "faker"
version = "33.0.0"
description = "Faker is a Python package that generates fake data for you."
optional = false
python-versions = ">=3.8"
files = [
    {file = "Faker-33.0.0-py3-none-any.whl", hash = "sha256:68e5580cb6b4226710886e595eabc13127149d6e71e9d1db65506a7fbe2c7fce"},
    {file = "faker-33.0.0.tar.gz", hash = "sha256:9b01019c1ddaf2253ca2308c0472116e993f4ad8fc9905f82fa965e0c6f932e9"},
]

[package.dependencies]
python-dateutil = ">=2.4"
typing-extensions = "*"

[[package]]
name = "getmac"
version = "0.9.5"
description = "Get MAC addresses of remote hosts and local interfaces"
optional = false
python-versions = "!=3.0.*,!=3.1.*,!=3.2.*,!=3.3.*,>=2.7"
files = [
    {file = "getmac-0.9.5-py2.py3-none-any.whl", hash = "sha256:22b8a3e15bc0c6bfa94651a3f7f6cd91b59432e1d8199411d4fe12804423e0aa"},
    {file = "getmac-0.9.5.tar.gz", hash = "sha256:456435cdbf1f5f45c433a250b8b795146e893b6fc659060f15451e812a2ab17d"},
]

[[package]]
name = "iniconfig"
version = "2.0.0"
description = "brain-dead simple config-ini parsing"
optional = false
python-versions = ">=3.7"
files = [
    {file = "iniconfig-2.0.0-py3-none-any.whl", hash = "sha256:b6a85871a79d2e3b22d2d1b94ac2824226a63c6b741c88f7ae975f18b6778374"},
    {file = "iniconfig-2.0.0.tar.gz", hash = "sha256:2d91e135bf72d31a410b17c16da610a82cb55f6b0477d1a902134b24a455b8b3"},
]

[[package]]
name = "markdown-it-py"
version = "3.0.0"
description = "Python port of markdown-it. Markdown parsing, done right!"
optional = false
python-versions = ">=3.8"
files = [
    {file = "markdown-it-py-3.0.0.tar.gz", hash = "sha256:e3f60a94fa066dc52ec76661e37c851cb232d92f9886b15cb560aaada2df8feb"},
    {file = "markdown_it_py-3.0.0-py3-none-any.whl", hash = "sha256:355216845c60bd96232cd8d8c40e8f9765cc86f46880e43a8fd22dc1a1a8cab1"},
]

[package.dependencies]
mdurl = ">=0.1,<1.0"

[package.extras]
benchmarking = ["psutil", "pytest", "pytest-benchmark"]
code-style = ["pre-commit (>=3.0,<4.0)"]
compare = ["commonmark (>=0.9,<1.0)", "markdown (>=3.4,<4.0)", "mistletoe (>=1.0,<2.0)", "mistune (>=2.0,<3.0)", "panflute (>=2.3,<3.0)"]
linkify = ["linkify-it-py (>=1,<3)"]
plugins = ["mdit-py-plugins"]
profiling = ["gprof2dot"]
rtd = ["jupyter_sphinx", "mdit-py-plugins", "myst-parser", "pyyaml", "sphinx", "sphinx-copybutton", "sphinx-design", "sphinx_book_theme"]
testing = ["coverage", "pytest", "pytest-cov", "pytest-regressions"]

[[package]]
name = "mdurl"
version = "0.1.2"
description = "Markdown URL utilities"
optional = false
python-versions = ">=3.7"
files = [
    {file = "mdurl-0.1.2-py3-none-any.whl", hash = "sha256:84008a41e51615a49fc9966191ff91509e3c40b939176e643fd50a5c2196b8f8"},
    {file = "mdurl-0.1.2.tar.gz", hash = "sha256:bb413d29f5eea38f31dd4754dd7377d4465116fb207585f97bf925588687c1ba"},
]

[[package]]
name = "mypy"
version = "1.13.0"
description = "Optional static typing for Python"
optional = false
python-versions = ">=3.8"
files = [
    {file = "mypy-1.13.0-cp310-cp310-macosx_10_9_x86_64.whl", hash = "sha256:6607e0f1dd1fb7f0aca14d936d13fd19eba5e17e1cd2a14f808fa5f8f6d8f60a"},
    {file = "mypy-1.13.0-cp310-cp310-macosx_11_0_arm64.whl", hash = "sha256:8a21be69bd26fa81b1f80a61ee7ab05b076c674d9b18fb56239d72e21d9f4c80"},
    {file = "mypy-1.13.0-cp310-cp310-manylinux_2_17_x86_64.manylinux2014_x86_64.manylinux_2_28_x86_64.whl", hash = "sha256:7b2353a44d2179846a096e25691d54d59904559f4232519d420d64da6828a3a7"},
    {file = "mypy-1.13.0-cp310-cp310-musllinux_1_1_x86_64.whl", hash = "sha256:0730d1c6a2739d4511dc4253f8274cdd140c55c32dfb0a4cf8b7a43f40abfa6f"},
    {file = "mypy-1.13.0-cp310-cp310-win_amd64.whl", hash = "sha256:c5fc54dbb712ff5e5a0fca797e6e0aa25726c7e72c6a5850cfd2adbc1eb0a372"},
    {file = "mypy-1.13.0-cp311-cp311-macosx_10_9_x86_64.whl", hash = "sha256:581665e6f3a8a9078f28d5502f4c334c0c8d802ef55ea0e7276a6e409bc0d82d"},
    {file = "mypy-1.13.0-cp311-cp311-macosx_11_0_arm64.whl", hash = "sha256:3ddb5b9bf82e05cc9a627e84707b528e5c7caaa1c55c69e175abb15a761cec2d"},
    {file = "mypy-1.13.0-cp311-cp311-manylinux_2_17_x86_64.manylinux2014_x86_64.manylinux_2_28_x86_64.whl", hash = "sha256:20c7ee0bc0d5a9595c46f38beb04201f2620065a93755704e141fcac9f59db2b"},
    {file = "mypy-1.13.0-cp311-cp311-musllinux_1_1_x86_64.whl", hash = "sha256:3790ded76f0b34bc9c8ba4def8f919dd6a46db0f5a6610fb994fe8efdd447f73"},
    {file = "mypy-1.13.0-cp311-cp311-win_amd64.whl", hash = "sha256:51f869f4b6b538229c1d1bcc1dd7d119817206e2bc54e8e374b3dfa202defcca"},
    {file = "mypy-1.13.0-cp312-cp312-macosx_10_13_x86_64.whl", hash = "sha256:5c7051a3461ae84dfb5dd15eff5094640c61c5f22257c8b766794e6dd85e72d5"},
    {file = "mypy-1.13.0-cp312-cp312-macosx_11_0_arm64.whl", hash = "sha256:39bb21c69a5d6342f4ce526e4584bc5c197fd20a60d14a8624d8743fffb9472e"},
    {file = "mypy-1.13.0-cp312-cp312-manylinux_2_17_x86_64.manylinux2014_x86_64.manylinux_2_28_x86_64.whl", hash = "sha256:164f28cb9d6367439031f4c81e84d3ccaa1e19232d9d05d37cb0bd880d3f93c2"},
    {file = "mypy-1.13.0-cp312-cp312-musllinux_1_1_x86_64.whl", hash = "sha256:a4c1bfcdbce96ff5d96fc9b08e3831acb30dc44ab02671eca5953eadad07d6d0"},
    {file = "mypy-1.13.0-cp312-cp312-win_amd64.whl", hash = "sha256:a0affb3a79a256b4183ba09811e3577c5163ed06685e4d4b46429a271ba174d2"},
    {file = "mypy-1.13.0-cp313-cp313-macosx_10_13_x86_64.whl", hash = "sha256:a7b44178c9760ce1a43f544e595d35ed61ac2c3de306599fa59b38a6048e1aa7"},
    {file = "mypy-1.13.0-cp313-cp313-macosx_11_0_arm64.whl", hash = "sha256:5d5092efb8516d08440e36626f0153b5006d4088c1d663d88bf79625af3d1d62"},
    {file = "mypy-1.13.0-cp313-cp313-manylinux_2_17_x86_64.manylinux2014_x86_64.manylinux_2_28_x86_64.whl", hash = "sha256:de2904956dac40ced10931ac967ae63c5089bd498542194b436eb097a9f77bc8"},
    {file = "mypy-1.13.0-cp313-cp313-musllinux_1_1_x86_64.whl", hash = "sha256:7bfd8836970d33c2105562650656b6846149374dc8ed77d98424b40b09340ba7"},
    {file = "mypy-1.13.0-cp313-cp313-win_amd64.whl", hash = "sha256:9f73dba9ec77acb86457a8fc04b5239822df0c14a082564737833d2963677dbc"},
    {file = "mypy-1.13.0-cp38-cp38-macosx_10_9_x86_64.whl", hash = "sha256:100fac22ce82925f676a734af0db922ecfea991e1d7ec0ceb1e115ebe501301a"},
    {file = "mypy-1.13.0-cp38-cp38-macosx_11_0_arm64.whl", hash = "sha256:7bcb0bb7f42a978bb323a7c88f1081d1b5dee77ca86f4100735a6f541299d8fb"},
    {file = "mypy-1.13.0-cp38-cp38-manylinux_2_17_x86_64.manylinux2014_x86_64.manylinux_2_28_x86_64.whl", hash = "sha256:bde31fc887c213e223bbfc34328070996061b0833b0a4cfec53745ed61f3519b"},
    {file = "mypy-1.13.0-cp38-cp38-musllinux_1_1_x86_64.whl", hash = "sha256:07de989f89786f62b937851295ed62e51774722e5444a27cecca993fc3f9cd74"},
    {file = "mypy-1.13.0-cp38-cp38-win_amd64.whl", hash = "sha256:4bde84334fbe19bad704b3f5b78c4abd35ff1026f8ba72b29de70dda0916beb6"},
    {file = "mypy-1.13.0-cp39-cp39-macosx_10_9_x86_64.whl", hash = "sha256:0246bcb1b5de7f08f2826451abd947bf656945209b140d16ed317f65a17dc7dc"},
    {file = "mypy-1.13.0-cp39-cp39-macosx_11_0_arm64.whl", hash = "sha256:7f5b7deae912cf8b77e990b9280f170381fdfbddf61b4ef80927edd813163732"},
    {file = "mypy-1.13.0-cp39-cp39-manylinux_2_17_x86_64.manylinux2014_x86_64.manylinux_2_28_x86_64.whl", hash = "sha256:7029881ec6ffb8bc233a4fa364736789582c738217b133f1b55967115288a2bc"},
    {file = "mypy-1.13.0-cp39-cp39-musllinux_1_1_x86_64.whl", hash = "sha256:3e38b980e5681f28f033f3be86b099a247b13c491f14bb8b1e1e134d23bb599d"},
    {file = "mypy-1.13.0-cp39-cp39-win_amd64.whl", hash = "sha256:a6789be98a2017c912ae6ccb77ea553bbaf13d27605d2ca20a76dfbced631b24"},
    {file = "mypy-1.13.0-py3-none-any.whl", hash = "sha256:9c250883f9fd81d212e0952c92dbfcc96fc237f4b7c92f56ac81fd48460b3e5a"},
    {file = "mypy-1.13.0.tar.gz", hash = "sha256:0291a61b6fbf3e6673e3405cfcc0e7650bebc7939659fdca2702958038bd835e"},
]

[package.dependencies]
mypy-extensions = ">=1.0.0"
tomli = {version = ">=1.1.0", markers = "python_version < \"3.11\""}
typing-extensions = ">=4.6.0"

[package.extras]
dmypy = ["psutil (>=4.0)"]
faster-cache = ["orjson"]
install-types = ["pip"]
mypyc = ["setuptools (>=50)"]
reports = ["lxml"]

[[package]]
name = "mypy-extensions"
version = "1.0.0"
description = "Type system extensions for programs checked with the mypy type checker."
optional = false
python-versions = ">=3.5"
files = [
    {file = "mypy_extensions-1.0.0-py3-none-any.whl", hash = "sha256:4392f6c0eb8a5668a69e23d168ffa70f0be9ccfd32b5cc2d26a34ae5b844552d"},
    {file = "mypy_extensions-1.0.0.tar.gz", hash = "sha256:75dbf8955dc00442a438fc4d0666508a9a97b6bd41aa2f0ffe9d2f2725af0782"},
]

[[package]]
name = "packaging"
version = "24.1"
description = "Core utilities for Python packages"
optional = false
python-versions = ">=3.8"
files = [
    {file = "packaging-24.1-py3-none-any.whl", hash = "sha256:5b8f2217dbdbd2f7f384c41c628544e6d52f2d0f53c6d0c3ea61aa5d1d7ff124"},
    {file = "packaging-24.1.tar.gz", hash = "sha256:026ed72c8ed3fcce5bf8950572258698927fd1dbda10a5e981cdf0ac37f4f002"},
]

[[package]]
name = "pluggy"
version = "1.5.0"
description = "plugin and hook calling mechanisms for python"
optional = false
python-versions = ">=3.8"
files = [
    {file = "pluggy-1.5.0-py3-none-any.whl", hash = "sha256:44e1ad92c8ca002de6377e165f3e0f1be63266ab4d554740532335b9d75ea669"},
    {file = "pluggy-1.5.0.tar.gz", hash = "sha256:2cffa88e94fdc978c4c574f15f9e59b7f4201d439195c3715ca9e2486f1d0cf1"},
]

[package.extras]
dev = ["pre-commit", "tox"]
testing = ["pytest", "pytest-benchmark"]

[[package]]
name = "pygments"
version = "2.18.0"
description = "Pygments is a syntax highlighting package written in Python."
optional = false
python-versions = ">=3.8"
files = [
    {file = "pygments-2.18.0-py3-none-any.whl", hash = "sha256:b8e6aca0523f3ab76fee51799c488e38782ac06eafcf95e7ba832985c8e7b13a"},
    {file = "pygments-2.18.0.tar.gz", hash = "sha256:786ff802f32e91311bff3889f6e9a86e81505fe99f2735bb6d60ae0c5004f199"},
]

[package.extras]
windows-terminal = ["colorama (>=0.4.6)"]

[[package]]
name = "pytest"
version = "8.3.3"
description = "pytest: simple powerful testing with Python"
optional = false
python-versions = ">=3.8"
files = [
    {file = "pytest-8.3.3-py3-none-any.whl", hash = "sha256:a6853c7375b2663155079443d2e45de913a911a11d669df02a50814944db57b2"},
    {file = "pytest-8.3.3.tar.gz", hash = "sha256:70b98107bd648308a7952b06e6ca9a50bc660be218d53c257cc1fc94fda10181"},
]

[package.dependencies]
colorama = {version = "*", markers = "sys_platform == \"win32\""}
exceptiongroup = {version = ">=1.0.0rc8", markers = "python_version < \"3.11\""}
iniconfig = "*"
packaging = "*"
pluggy = ">=1.5,<2"
tomli = {version = ">=1", markers = "python_version < \"3.11\""}

[package.extras]
dev = ["argcomplete", "attrs (>=19.2)", "hypothesis (>=3.56)", "mock", "pygments (>=2.7.2)", "requests", "setuptools", "xmlschema"]

[[package]]
name = "pytest-cov"
version = "6.0.0"
description = "Pytest plugin for measuring coverage."
optional = false
python-versions = ">=3.9"
files = [
    {file = "pytest-cov-6.0.0.tar.gz", hash = "sha256:fde0b595ca248bb8e2d76f020b465f3b107c9632e6a1d1705f17834c89dcadc0"},
    {file = "pytest_cov-6.0.0-py3-none-any.whl", hash = "sha256:eee6f1b9e61008bd34975a4d5bab25801eb31898b032dd55addc93e96fcaaa35"},
]

[package.dependencies]
coverage = {version = ">=7.5", extras = ["toml"]}
pytest = ">=4.6"

[package.extras]
testing = ["fields", "hunter", "process-tests", "pytest-xdist", "virtualenv"]

[[package]]
name = "python-dateutil"
version = "2.9.0.post0"
description = "Extensions to the standard Python datetime module"
optional = false
python-versions = "!=3.0.*,!=3.1.*,!=3.2.*,>=2.7"
files = [
    {file = "python-dateutil-2.9.0.post0.tar.gz", hash = "sha256:37dd54208da7e1cd875388217d5e00ebd4179249f90fb72437e91a35459a0ad3"},
    {file = "python_dateutil-2.9.0.post0-py2.py3-none-any.whl", hash = "sha256:a8b2bc7bffae282281c8140a97d3aa9c14da0b136dfe83f850eea9a5f7470427"},
]

[package.dependencies]
six = ">=1.5"

[[package]]
name = "rich"
version = "13.9.4"
description = "Render rich text, tables, progress bars, syntax highlighting, markdown and more to the terminal"
optional = false
python-versions = ">=3.8.0"
files = [
    {file = "rich-13.9.4-py3-none-any.whl", hash = "sha256:6049d5e6ec054bf2779ab3358186963bac2ea89175919d699e378b99738c2a90"},
    {file = "rich-13.9.4.tar.gz", hash = "sha256:439594978a49a09530cff7ebc4b5c7103ef57baf48d5ea3184f21d9a2befa098"},
]

[package.dependencies]
markdown-it-py = ">=2.2.0"
pygments = ">=2.13.0,<3.0.0"
typing-extensions = {version = ">=4.0.0,<5.0", markers = "python_version < \"3.11\""}

[package.extras]
jupyter = ["ipywidgets (>=7.5.1,<9)"]

[[package]]
name = "shellingham"
version = "1.5.4"
description = "Tool to Detect Surrounding Shell"
optional = false
python-versions = ">=3.7"
files = [
    {file = "shellingham-1.5.4-py2.py3-none-any.whl", hash = "sha256:7ecfff8f2fd72616f7481040475a65b2bf8af90a56c89140852d1120324e8686"},
    {file = "shellingham-1.5.4.tar.gz", hash = "sha256:8dbca0739d487e5bd35ab3ca4b36e11c4078f3a234bfce294b0a0291363404de"},
]

[[package]]
name = "six"
version = "1.16.0"
description = "Python 2 and 3 compatibility utilities"
optional = false
python-versions = ">=2.7, !=3.0.*, !=3.1.*, !=3.2.*"
files = [
    {file = "six-1.16.0-py2.py3-none-any.whl", hash = "sha256:8abb2f1d86890a2dfb989f9a77cfcfd3e47c2a354b01111771326f8aa26e0254"},
    {file = "six-1.16.0.tar.gz", hash = "sha256:1e61c37477a1626458e36f7b1d82aa5c9b094fa4802892072e49de9c60c4c926"},
]

[[package]]
name = "tomli"
version = "2.0.1"
description = "A lil' TOML parser"
optional = false
python-versions = ">=3.7"
files = [
    {file = "tomli-2.0.1-py3-none-any.whl", hash = "sha256:939de3e7a6161af0c887ef91b7d41a53e7c5a1ca976325f429cb46ea9bc30ecc"},
    {file = "tomli-2.0.1.tar.gz", hash = "sha256:de526c12914f0c550d15924c62d72abc48d6fe7364aa87328337a31007fe8a4f"},
]

[[package]]
name = "typer"
version = "0.13.0"
description = "Typer, build great CLIs. Easy to code. Based on Python type hints."
optional = false
python-versions = ">=3.7"
files = [
    {file = "typer-0.13.0-py3-none-any.whl", hash = "sha256:d85fe0b777b2517cc99c8055ed735452f2659cd45e451507c76f48ce5c1d00e2"},
    {file = "typer-0.13.0.tar.gz", hash = "sha256:f1c7198347939361eec90139ffa0fd8b3df3a2259d5852a0f7400e476d95985c"},
]

[package.dependencies]
click = ">=8.0.0"
rich = ">=10.11.0"
shellingham = ">=1.3.0"
typing-extensions = ">=3.7.4.3"

[[package]]
name = "typing-extensions"
version = "4.12.2"
description = "Backported and Experimental Type Hints for Python 3.8+"
optional = false
python-versions = ">=3.8"
files = [
    {file = "typing_extensions-4.12.2-py3-none-any.whl", hash = "sha256:04e5ca0351e0f3f85c6853954072df659d0d13fac324d0072316b67d7794700d"},
    {file = "typing_extensions-4.12.2.tar.gz", hash = "sha256:1a7ead55c7e559dd4dee8856e3a88b41225abfe1ce8df57b7c13915fe121ffb8"},
]

[[package]]
name = "wakeonlan"
version = "3.1.0"
description = "A small python module for wake on lan."
optional = false
python-versions = ">=3.7,<4.0"
files = [
    {file = "wakeonlan-3.1.0-py3-none-any.whl", hash = "sha256:9414da87f48e5dc8a1bb0fa15aba5a0079cfd014231c4cc8e6f2477a0d078c7e"},
    {file = "wakeonlan-3.1.0.tar.gz", hash = "sha256:aa12edc2587353528a89ad58a54c63212dc2a12226c186b7fcc02caa162cd962"},
]

[[package]]
name = "websocket-client"
version = "1.8.0"
description = "WebSocket client for Python with low level API options"
optional = false
python-versions = ">=3.8"
files = [
    {file = "websocket_client-1.8.0-py3-none-any.whl", hash = "sha256:17b44cc997f5c498e809b22cdf2d9c7a9e71c02c8cc2b6c56e7c2d1239bfa526"},
    {file = "websocket_client-1.8.0.tar.gz", hash = "sha256:3239df9f44da632f96012472805d40a23281a991027ce11d2f45a6f24ac4c3da"},
]

[package.extras]
docs = ["Sphinx (>=6.0)", "myst-parser (>=2.0.0)", "sphinx-rtd-theme (>=1.1.0)"]
optional = ["python-socks", "wsaccel"]
test = ["websockets"]

[metadata]
lock-version = "2.0"
python-versions = "^3.9"
content-hash = "449458333b57908367175fc9c6fb5c8610ff93b39bfc7d03a59d1f708b5530e2"
