# This file is automatically @generated by Poetry 1.8.5 and should not be changed by hand.

[[package]]
name = "cfgs"
version = "0.13.0"
description = "🍇 XDG standard config files 🍇"
optional = false
python-versions = ">=3.8"
files = [
    {file = "cfgs-0.13.0-py3-none-any.whl", hash = "sha256:a3e80a31e32c2fae987cb3c38481bbbf4b276bc517e8862f87e9ff174620fa09"},
    {file = "cfgs-0.13.0.tar.gz", hash = "sha256:cef47e67f0512783ee83e24cc2f39e5b23b5d4ca0c32bbd721bd64f48636667e"},
]

[[package]]
name = "click"
version = "8.1.8"
description = "Composable command line interface toolkit"
optional = false
python-versions = ">=3.7"
files = [
    {file = "click-8.1.8-py3-none-any.whl", hash = "sha256:63c132bbbed01578a06712a2d1f497bb62d9c1c0d329b7903a866228027263b2"},
    {file = "click-8.1.8.tar.gz", hash = "sha256:ed53c9d8990d83c2a27deae68e4ee337473f6330c040a31d4225c9574d16096a"},
]

[package.dependencies]
colorama = {version = "*", markers = "platform_system == \"Windows\""}

[[package]]
name = "colorama"
version = "0.4.6"
description = "Cross-platform colored terminal text."
optional = false
python-versions = "!=3.0.*,!=3.1.*,!=3.2.*,!=3.3.*,!=3.4.*,!=3.5.*,!=3.6.*,>=2.7"
files = [
    {file = "colorama-0.4.6-py2.py3-none-any.whl", hash = "sha256:4f1d9991f5acc0ca119f9d443620b77f9d6b33703e51011c16baf57afb285fc6"},
    {file = "colorama-0.4.6.tar.gz", hash = "sha256:08695f5cb7ed6e0531a20572697297273c47b8cae5a63ffc6d6ed5c201be6e44"},
]

[[package]]
name = "coverage"
version = "7.7.0"
description = "Code coverage measurement for Python"
optional = false
python-versions = ">=3.9"
files = [
    {file = "coverage-7.7.0-cp310-cp310-macosx_10_9_x86_64.whl", hash = "sha256:a538a23119d1e2e2ce077e902d02ea3d8e0641786ef6e0faf11ce82324743944"},
    {file = "coverage-7.7.0-cp310-cp310-macosx_11_0_arm64.whl", hash = "sha256:1586ad158523f4133499a4f322b230e2cfef9cc724820dbd58595a5a236186f4"},
    {file = "coverage-7.7.0-cp310-cp310-manylinux_2_17_aarch64.manylinux2014_aarch64.whl", hash = "sha256:7b6c96d69928a3a6767fab8dc1ce8a02cf0156836ccb1e820c7f45a423570d98"},
    {file = "coverage-7.7.0-cp310-cp310-manylinux_2_5_i686.manylinux1_i686.manylinux_2_17_i686.manylinux2014_i686.whl", hash = "sha256:7f18d47641282664276977c604b5a261e51fefc2980f5271d547d706b06a837f"},
    {file = "coverage-7.7.0-cp310-cp310-manylinux_2_5_x86_64.manylinux1_x86_64.manylinux_2_17_x86_64.manylinux2014_x86_64.whl", hash = "sha256:f2a1e18a85bd066c7c556d85277a7adf4651f259b2579113844835ba1a74aafd"},
    {file = "coverage-7.7.0-cp310-cp310-musllinux_1_2_aarch64.whl", hash = "sha256:70f0925c4e2bfc965369f417e7cc72538fd1ba91639cf1e4ef4b1a6b50439b3b"},
    {file = "coverage-7.7.0-cp310-cp310-musllinux_1_2_i686.whl", hash = "sha256:b0fac2088ec4aaeb5468b814bd3ff5e5978364bfbce5e567c44c9e2854469f6c"},
    {file = "coverage-7.7.0-cp310-cp310-musllinux_1_2_x86_64.whl", hash = "sha256:b3e212a894d8ae07fde2ca8b43d666a6d49bbbddb10da0f6a74ca7bd31f20054"},
    {file = "coverage-7.7.0-cp310-cp310-win32.whl", hash = "sha256:f32b165bf6dfea0846a9c9c38b7e1d68f313956d60a15cde5d1709fddcaf3bee"},
    {file = "coverage-7.7.0-cp310-cp310-win_amd64.whl", hash = "sha256:a2454b12a3f12cc4698f3508912e6225ec63682e2ca5a96f80a2b93cef9e63f3"},
    {file = "coverage-7.7.0-cp311-cp311-macosx_10_9_x86_64.whl", hash = "sha256:a0a207c87a9f743c8072d059b4711f8d13c456eb42dac778a7d2e5d4f3c253a7"},
    {file = "coverage-7.7.0-cp311-cp311-macosx_11_0_arm64.whl", hash = "sha256:2d673e3add00048215c2cc507f1228a7523fd8bf34f279ac98334c9b07bd2656"},
    {file = "coverage-7.7.0-cp311-cp311-manylinux_2_17_aarch64.manylinux2014_aarch64.whl", hash = "sha256:f81fe93dc1b8e5673f33443c0786c14b77e36f1025973b85e07c70353e46882b"},
    {file = "coverage-7.7.0-cp311-cp311-manylinux_2_5_i686.manylinux1_i686.manylinux_2_17_i686.manylinux2014_i686.whl", hash = "sha256:d8c7524779003d59948c51b4fcbf1ca4e27c26a7d75984f63488f3625c328b9b"},
    {file = "coverage-7.7.0-cp311-cp311-manylinux_2_5_x86_64.manylinux1_x86_64.manylinux_2_17_x86_64.manylinux2014_x86_64.whl", hash = "sha256:4c124025430249118d018dcedc8b7426f39373527c845093132196f2a483b6dd"},
    {file = "coverage-7.7.0-cp311-cp311-musllinux_1_2_aarch64.whl", hash = "sha256:e7f559c36d5cdc448ee13e7e56ed7b6b5d44a40a511d584d388a0f5d940977ba"},
    {file = "coverage-7.7.0-cp311-cp311-musllinux_1_2_i686.whl", hash = "sha256:37cbc7b0d93dfd133e33c7ec01123fbb90401dce174c3b6661d8d36fb1e30608"},
    {file = "coverage-7.7.0-cp311-cp311-musllinux_1_2_x86_64.whl", hash = "sha256:7d2a65876274acf544703e943c010b60bd79404e3623a1e5d52b64a6e2728de5"},
    {file = "coverage-7.7.0-cp311-cp311-win32.whl", hash = "sha256:f5a2f71d6a91238e7628f23538c26aa464d390cbdedf12ee2a7a0fb92a24482a"},
    {file = "coverage-7.7.0-cp311-cp311-win_amd64.whl", hash = "sha256:ae8006772c6b0fa53c33747913473e064985dac4d65f77fd2fdc6474e7cd54e4"},
    {file = "coverage-7.7.0-cp312-cp312-macosx_10_13_x86_64.whl", hash = "sha256:056d3017ed67e7ddf266e6f57378ece543755a4c9231e997789ab3bd11392c94"},
    {file = "coverage-7.7.0-cp312-cp312-macosx_11_0_arm64.whl", hash = "sha256:33c1394d8407e2771547583b66a85d07ed441ff8fae5a4adb4237ad39ece60db"},
    {file = "coverage-7.7.0-cp312-cp312-manylinux_2_17_aarch64.manylinux2014_aarch64.whl", hash = "sha256:4fbb7a0c3c21908520149d7751cf5b74eb9b38b54d62997b1e9b3ac19a8ee2fe"},
    {file = "coverage-7.7.0-cp312-cp312-manylinux_2_5_i686.manylinux1_i686.manylinux_2_17_i686.manylinux2014_i686.whl", hash = "sha256:bb356e7ae7c2da13f404bf8f75be90f743c6df8d4607022e759f5d7d89fe83f8"},
    {file = "coverage-7.7.0-cp312-cp312-manylinux_2_5_x86_64.manylinux1_x86_64.manylinux_2_17_x86_64.manylinux2014_x86_64.whl", hash = "sha256:bce730d484038e97f27ea2dbe5d392ec5c2261f28c319a3bb266f6b213650135"},
    {file = "coverage-7.7.0-cp312-cp312-musllinux_1_2_aarch64.whl", hash = "sha256:aa4dff57fc21a575672176d5ab0ef15a927199e775c5e8a3d75162ab2b0c7705"},
    {file = "coverage-7.7.0-cp312-cp312-musllinux_1_2_i686.whl", hash = "sha256:b667b91f4f714b17af2a18e220015c941d1cf8b07c17f2160033dbe1e64149f0"},
    {file = "coverage-7.7.0-cp312-cp312-musllinux_1_2_x86_64.whl", hash = "sha256:693d921621a0c8043bfdc61f7d4df5ea6d22165fe8b807cac21eb80dd94e4bbd"},
    {file = "coverage-7.7.0-cp312-cp312-win32.whl", hash = "sha256:52fc89602cde411a4196c8c6894afb384f2125f34c031774f82a4f2608c59d7d"},
    {file = "coverage-7.7.0-cp312-cp312-win_amd64.whl", hash = "sha256:0ce8cf59e09d31a4915ff4c3b94c6514af4c84b22c4cc8ad7c3c546a86150a92"},
    {file = "coverage-7.7.0-cp313-cp313-macosx_10_13_x86_64.whl", hash = "sha256:4545485fef7a8a2d8f30e6f79ce719eb154aab7e44217eb444c1d38239af2072"},
    {file = "coverage-7.7.0-cp313-cp313-macosx_11_0_arm64.whl", hash = "sha256:1393e5aa9441dafb0162c36c8506c648b89aea9565b31f6bfa351e66c11bcd82"},
    {file = "coverage-7.7.0-cp313-cp313-manylinux_2_17_aarch64.manylinux2014_aarch64.whl", hash = "sha256:316f29cc3392fa3912493ee4c83afa4a0e2db04ff69600711f8c03997c39baaa"},
    {file = "coverage-7.7.0-cp313-cp313-manylinux_2_5_i686.manylinux1_i686.manylinux_2_17_i686.manylinux2014_i686.whl", hash = "sha256:e1ffde1d6bc2a92f9c9207d1ad808550873748ac2d4d923c815b866baa343b3f"},
    {file = "coverage-7.7.0-cp313-cp313-manylinux_2_5_x86_64.manylinux1_x86_64.manylinux_2_17_x86_64.manylinux2014_x86_64.whl", hash = "sha256:416e2a8845eaff288f97eaf76ab40367deafb9073ffc47bf2a583f26b05e5265"},
    {file = "coverage-7.7.0-cp313-cp313-musllinux_1_2_aarch64.whl", hash = "sha256:5efdeff5f353ed3352c04e6b318ab05c6ce9249c25ed3c2090c6e9cadda1e3b2"},
    {file = "coverage-7.7.0-cp313-cp313-musllinux_1_2_i686.whl", hash = "sha256:57f3bd0d29bf2bd9325c0ff9cc532a175110c4bf8f412c05b2405fd35745266d"},
    {file = "coverage-7.7.0-cp313-cp313-musllinux_1_2_x86_64.whl", hash = "sha256:3ab7090f04b12dc6469882ce81244572779d3a4b67eea1c96fb9ecc8c607ef39"},
    {file = "coverage-7.7.0-cp313-cp313-win32.whl", hash = "sha256:180e3fc68ee4dc5af8b33b6ca4e3bb8aa1abe25eedcb958ba5cff7123071af68"},
    {file = "coverage-7.7.0-cp313-cp313-win_amd64.whl", hash = "sha256:55143aa13c49491f5606f05b49ed88663446dce3a4d3c5d77baa4e36a16d3573"},
    {file = "coverage-7.7.0-cp313-cp313t-macosx_10_13_x86_64.whl", hash = "sha256:cc41374d2f27d81d6558f8a24e5c114580ffefc197fd43eabd7058182f743322"},
    {file = "coverage-7.7.0-cp313-cp313t-macosx_11_0_arm64.whl", hash = "sha256:89078312f06237417adda7c021c33f80f7a6d2db8572a5f6c330d89b080061ce"},
    {file = "coverage-7.7.0-cp313-cp313t-manylinux_2_17_aarch64.manylinux2014_aarch64.whl", hash = "sha256:5b2f144444879363ea8834cd7b6869d79ac796cb8f864b0cfdde50296cd95816"},
    {file = "coverage-7.7.0-cp313-cp313t-manylinux_2_5_i686.manylinux1_i686.manylinux_2_17_i686.manylinux2014_i686.whl", hash = "sha256:60e6347d1ed882b1159ffea172cb8466ee46c665af4ca397edbf10ff53e9ffaf"},
    {file = "coverage-7.7.0-cp313-cp313t-manylinux_2_5_x86_64.manylinux1_x86_64.manylinux_2_17_x86_64.manylinux2014_x86_64.whl", hash = "sha256:cb203c0afffaf1a8f5b9659a013f8f16a1b2cad3a80a8733ceedc968c0cf4c57"},
    {file = "coverage-7.7.0-cp313-cp313t-musllinux_1_2_aarch64.whl", hash = "sha256:ad0edaa97cb983d9f2ff48cadddc3e1fb09f24aa558abeb4dc9a0dbacd12cbb4"},
    {file = "coverage-7.7.0-cp313-cp313t-musllinux_1_2_i686.whl", hash = "sha256:c5f8a5364fc37b2f172c26a038bc7ec4885f429de4a05fc10fdcb53fb5834c5c"},
    {file = "coverage-7.7.0-cp313-cp313t-musllinux_1_2_x86_64.whl", hash = "sha256:c4e09534037933bf6eb31d804e72c52ec23219b32c1730f9152feabbd7499463"},
    {file = "coverage-7.7.0-cp313-cp313t-win32.whl", hash = "sha256:1b336d06af14f8da5b1f391e8dec03634daf54dfcb4d1c4fb6d04c09d83cef90"},
    {file = "coverage-7.7.0-cp313-cp313t-win_amd64.whl", hash = "sha256:b54a1ee4c6f1905a436cbaa04b26626d27925a41cbc3a337e2d3ff7038187f07"},
    {file = "coverage-7.7.0-cp39-cp39-macosx_10_9_x86_64.whl", hash = "sha256:1c8fbce80b2b8bf135d105aa8f5b36eae0c57d702a1cc3ebdea2a6f03f6cdde5"},
    {file = "coverage-7.7.0-cp39-cp39-macosx_11_0_arm64.whl", hash = "sha256:d9710521f07f526de30ccdead67e6b236fe996d214e1a7fba8b36e2ba2cd8261"},
    {file = "coverage-7.7.0-cp39-cp39-manylinux_2_17_aarch64.manylinux2014_aarch64.whl", hash = "sha256:7789e700f33f2b133adae582c9f437523cd5db8de845774988a58c360fc88253"},
    {file = "coverage-7.7.0-cp39-cp39-manylinux_2_5_i686.manylinux1_i686.manylinux_2_17_i686.manylinux2014_i686.whl", hash = "sha256:b8c36093aca722db73633cf2359026ed7782a239eb1c6db2abcff876012dc4cf"},
    {file = "coverage-7.7.0-cp39-cp39-manylinux_2_5_x86_64.manylinux1_x86_64.manylinux_2_17_x86_64.manylinux2014_x86_64.whl", hash = "sha256:c075d167a6ec99b798c1fdf6e391a1d5a2d054caffe9593ba0f97e3df2c04f0e"},
    {file = "coverage-7.7.0-cp39-cp39-musllinux_1_2_aarch64.whl", hash = "sha256:d013c07061751ae81861cae6ec3a4fe04e84781b11fd4b6b4201590234b25c7b"},
    {file = "coverage-7.7.0-cp39-cp39-musllinux_1_2_i686.whl", hash = "sha256:104bf640f408f4e115b85110047c7f27377e1a8b7ba86f7db4fa47aa49dc9a8e"},
    {file = "coverage-7.7.0-cp39-cp39-musllinux_1_2_x86_64.whl", hash = "sha256:39abcacd1ed54e2c33c54bdc488b310e8ef6705833f7148b6eb9a547199d375d"},
    {file = "coverage-7.7.0-cp39-cp39-win32.whl", hash = "sha256:8e336b56301774ace6be0017ff85c3566c556d938359b61b840796a0202f805c"},
    {file = "coverage-7.7.0-cp39-cp39-win_amd64.whl", hash = "sha256:8c938c6ae59be67ac19a7204e079efc94b38222cd7d0269f96e45e18cddeaa59"},
    {file = "coverage-7.7.0-pp39.pp310.pp311-none-any.whl", hash = "sha256:3b0e6e54591ae0d7427def8a4d40fca99df6b899d10354bab73cd5609807261c"},
    {file = "coverage-7.7.0-py3-none-any.whl", hash = "sha256:708f0a1105ef2b11c79ed54ed31f17e6325ac936501fc373f24be3e6a578146a"},
    {file = "coverage-7.7.0.tar.gz", hash = "sha256:cd879d4646055a573775a1cec863d00c9ff8c55860f8b17f6d8eee9140c06166"},
]

[package.dependencies]
tomli = {version = "*", optional = true, markers = "python_full_version <= \"3.11.0a6\" and extra == \"toml\""}

[package.extras]
toml = ["tomli"]

[[package]]
name = "exceptiongroup"
version = "1.2.2"
description = "Backport of PEP 654 (exception groups)"
optional = false
python-versions = ">=3.7"
files = [
    {file = "exceptiongroup-1.2.2-py3-none-any.whl", hash = "sha256:3111b9d131c238bec2f8f516e123e14ba243563fb135d3fe885990585aa7795b"},
    {file = "exceptiongroup-1.2.2.tar.gz", hash = "sha256:47c2edf7c6738fafb49fd34290706d1a1a2f4d1c6df275526b62cbb4aa5393cc"},
]

[package.extras]
test = ["pytest (>=6)"]

[[package]]
name = "faker"
version = "37.0.2"
description = "Faker is a Python package that generates fake data for you."
optional = false
python-versions = ">=3.9"
files = [
    {file = "faker-37.0.2-py3-none-any.whl", hash = "sha256:8955706c56c28099585e9e2b6f814eb0a3a227eb36a2ee3eb9ab577c4764eacc"},
    {file = "faker-37.0.2.tar.gz", hash = "sha256:948bd27706478d3aa0b6f9f58b9f25207098f6ca79852c7b49c44a8ced2bc59b"},
]

[package.dependencies]
tzdata = "*"

[[package]]
name = "getmac"
version = "0.9.5"
description = "Get MAC addresses of remote hosts and local interfaces"
optional = false
python-versions = "!=3.0.*,!=3.1.*,!=3.2.*,!=3.3.*,>=2.7"
files = [
    {file = "getmac-0.9.5-py2.py3-none-any.whl", hash = "sha256:22b8a3e15bc0c6bfa94651a3f7f6cd91b59432e1d8199411d4fe12804423e0aa"},
    {file = "getmac-0.9.5.tar.gz", hash = "sha256:456435cdbf1f5f45c433a250b8b795146e893b6fc659060f15451e812a2ab17d"},
]

[[package]]
name = "iniconfig"
version = "2.0.0"
description = "brain-dead simple config-ini parsing"
optional = false
python-versions = ">=3.7"
files = [
    {file = "iniconfig-2.0.0-py3-none-any.whl", hash = "sha256:b6a85871a79d2e3b22d2d1b94ac2824226a63c6b741c88f7ae975f18b6778374"},
    {file = "iniconfig-2.0.0.tar.gz", hash = "sha256:2d91e135bf72d31a410b17c16da610a82cb55f6b0477d1a902134b24a455b8b3"},
]

[[package]]
name = "markdown-it-py"
version = "3.0.0"
description = "Python port of markdown-it. Markdown parsing, done right!"
optional = false
python-versions = ">=3.8"
files = [
    {file = "markdown-it-py-3.0.0.tar.gz", hash = "sha256:e3f60a94fa066dc52ec76661e37c851cb232d92f9886b15cb560aaada2df8feb"},
    {file = "markdown_it_py-3.0.0-py3-none-any.whl", hash = "sha256:355216845c60bd96232cd8d8c40e8f9765cc86f46880e43a8fd22dc1a1a8cab1"},
]

[package.dependencies]
mdurl = ">=0.1,<1.0"

[package.extras]
benchmarking = ["psutil", "pytest", "pytest-benchmark"]
code-style = ["pre-commit (>=3.0,<4.0)"]
compare = ["commonmark (>=0.9,<1.0)", "markdown (>=3.4,<4.0)", "mistletoe (>=1.0,<2.0)", "mistune (>=2.0,<3.0)", "panflute (>=2.3,<3.0)"]
linkify = ["linkify-it-py (>=1,<3)"]
plugins = ["mdit-py-plugins"]
profiling = ["gprof2dot"]
rtd = ["jupyter_sphinx", "mdit-py-plugins", "myst-parser", "pyyaml", "sphinx", "sphinx-copybutton", "sphinx-design", "sphinx_book_theme"]
testing = ["coverage", "pytest", "pytest-cov", "pytest-regressions"]

[[package]]
name = "mdurl"
version = "0.1.2"
description = "Markdown URL utilities"
optional = false
python-versions = ">=3.7"
files = [
    {file = "mdurl-0.1.2-py3-none-any.whl", hash = "sha256:84008a41e51615a49fc9966191ff91509e3c40b939176e643fd50a5c2196b8f8"},
    {file = "mdurl-0.1.2.tar.gz", hash = "sha256:bb413d29f5eea38f31dd4754dd7377d4465116fb207585f97bf925588687c1ba"},
]

[[package]]
name = "mypy"
version = "1.15.0"
description = "Optional static typing for Python"
optional = false
python-versions = ">=3.9"
files = [
    {file = "mypy-1.15.0-cp310-cp310-macosx_10_9_x86_64.whl", hash = "sha256:979e4e1a006511dacf628e36fadfecbcc0160a8af6ca7dad2f5025529e082c13"},
    {file = "mypy-1.15.0-cp310-cp310-macosx_11_0_arm64.whl", hash = "sha256:c4bb0e1bd29f7d34efcccd71cf733580191e9a264a2202b0239da95984c5b559"},
    {file = "mypy-1.15.0-cp310-cp310-manylinux_2_17_aarch64.manylinux2014_aarch64.manylinux_2_28_aarch64.whl", hash = "sha256:be68172e9fd9ad8fb876c6389f16d1c1b5f100ffa779f77b1fb2176fcc9ab95b"},
    {file = "mypy-1.15.0-cp310-cp310-manylinux_2_17_x86_64.manylinux2014_x86_64.manylinux_2_28_x86_64.whl", hash = "sha256:c7be1e46525adfa0d97681432ee9fcd61a3964c2446795714699a998d193f1a3"},
    {file = "mypy-1.15.0-cp310-cp310-musllinux_1_2_x86_64.whl", hash = "sha256:2e2c2e6d3593f6451b18588848e66260ff62ccca522dd231cd4dd59b0160668b"},
    {file = "mypy-1.15.0-cp310-cp310-win_amd64.whl", hash = "sha256:6983aae8b2f653e098edb77f893f7b6aca69f6cffb19b2cc7443f23cce5f4828"},
    {file = "mypy-1.15.0-cp311-cp311-macosx_10_9_x86_64.whl", hash = "sha256:2922d42e16d6de288022e5ca321cd0618b238cfc5570e0263e5ba0a77dbef56f"},
    {file = "mypy-1.15.0-cp311-cp311-macosx_11_0_arm64.whl", hash = "sha256:2ee2d57e01a7c35de00f4634ba1bbf015185b219e4dc5909e281016df43f5ee5"},
    {file = "mypy-1.15.0-cp311-cp311-manylinux_2_17_aarch64.manylinux2014_aarch64.manylinux_2_28_aarch64.whl", hash = "sha256:973500e0774b85d9689715feeffcc980193086551110fd678ebe1f4342fb7c5e"},
    {file = "mypy-1.15.0-cp311-cp311-manylinux_2_17_x86_64.manylinux2014_x86_64.manylinux_2_28_x86_64.whl", hash = "sha256:5a95fb17c13e29d2d5195869262f8125dfdb5c134dc8d9a9d0aecf7525b10c2c"},
    {file = "mypy-1.15.0-cp311-cp311-musllinux_1_2_x86_64.whl", hash = "sha256:1905f494bfd7d85a23a88c5d97840888a7bd516545fc5aaedff0267e0bb54e2f"},
    {file = "mypy-1.15.0-cp311-cp311-win_amd64.whl", hash = "sha256:c9817fa23833ff189db061e6d2eff49b2f3b6ed9856b4a0a73046e41932d744f"},
    {file = "mypy-1.15.0-cp312-cp312-macosx_10_13_x86_64.whl", hash = "sha256:aea39e0583d05124836ea645f412e88a5c7d0fd77a6d694b60d9b6b2d9f184fd"},
    {file = "mypy-1.15.0-cp312-cp312-macosx_11_0_arm64.whl", hash = "sha256:2f2147ab812b75e5b5499b01ade1f4a81489a147c01585cda36019102538615f"},
    {file = "mypy-1.15.0-cp312-cp312-manylinux_2_17_aarch64.manylinux2014_aarch64.manylinux_2_28_aarch64.whl", hash = "sha256:ce436f4c6d218a070048ed6a44c0bbb10cd2cc5e272b29e7845f6a2f57ee4464"},
    {file = "mypy-1.15.0-cp312-cp312-manylinux_2_17_x86_64.manylinux2014_x86_64.manylinux_2_28_x86_64.whl", hash = "sha256:8023ff13985661b50a5928fc7a5ca15f3d1affb41e5f0a9952cb68ef090b31ee"},
    {file = "mypy-1.15.0-cp312-cp312-musllinux_1_2_x86_64.whl", hash = "sha256:1124a18bc11a6a62887e3e137f37f53fbae476dc36c185d549d4f837a2a6a14e"},
    {file = "mypy-1.15.0-cp312-cp312-win_amd64.whl", hash = "sha256:171a9ca9a40cd1843abeca0e405bc1940cd9b305eaeea2dda769ba096932bb22"},
    {file = "mypy-1.15.0-cp313-cp313-macosx_10_13_x86_64.whl", hash = "sha256:93faf3fdb04768d44bf28693293f3904bbb555d076b781ad2530214ee53e3445"},
    {file = "mypy-1.15.0-cp313-cp313-macosx_11_0_arm64.whl", hash = "sha256:811aeccadfb730024c5d3e326b2fbe9249bb7413553f15499a4050f7c30e801d"},
    {file = "mypy-1.15.0-cp313-cp313-manylinux_2_17_aarch64.manylinux2014_aarch64.manylinux_2_28_aarch64.whl", hash = "sha256:98b7b9b9aedb65fe628c62a6dc57f6d5088ef2dfca37903a7d9ee374d03acca5"},
    {file = "mypy-1.15.0-cp313-cp313-manylinux_2_17_x86_64.manylinux2014_x86_64.manylinux_2_28_x86_64.whl", hash = "sha256:c43a7682e24b4f576d93072216bf56eeff70d9140241f9edec0c104d0c515036"},
    {file = "mypy-1.15.0-cp313-cp313-musllinux_1_2_x86_64.whl", hash = "sha256:baefc32840a9f00babd83251560e0ae1573e2f9d1b067719479bfb0e987c6357"},
    {file = "mypy-1.15.0-cp313-cp313-win_amd64.whl", hash = "sha256:b9378e2c00146c44793c98b8d5a61039a048e31f429fb0eb546d93f4b000bedf"},
    {file = "mypy-1.15.0-cp39-cp39-macosx_10_9_x86_64.whl", hash = "sha256:e601a7fa172c2131bff456bb3ee08a88360760d0d2f8cbd7a75a65497e2df078"},
    {file = "mypy-1.15.0-cp39-cp39-macosx_11_0_arm64.whl", hash = "sha256:712e962a6357634fef20412699a3655c610110e01cdaa6180acec7fc9f8513ba"},
    {file = "mypy-1.15.0-cp39-cp39-manylinux_2_17_aarch64.manylinux2014_aarch64.manylinux_2_28_aarch64.whl", hash = "sha256:f95579473af29ab73a10bada2f9722856792a36ec5af5399b653aa28360290a5"},
    {file = "mypy-1.15.0-cp39-cp39-manylinux_2_17_x86_64.manylinux2014_x86_64.manylinux_2_28_x86_64.whl", hash = "sha256:8f8722560a14cde92fdb1e31597760dc35f9f5524cce17836c0d22841830fd5b"},
    {file = "mypy-1.15.0-cp39-cp39-musllinux_1_2_x86_64.whl", hash = "sha256:1fbb8da62dc352133d7d7ca90ed2fb0e9d42bb1a32724c287d3c76c58cbaa9c2"},
    {file = "mypy-1.15.0-cp39-cp39-win_amd64.whl", hash = "sha256:d10d994b41fb3497719bbf866f227b3489048ea4bbbb5015357db306249f7980"},
    {file = "mypy-1.15.0-py3-none-any.whl", hash = "sha256:5469affef548bd1895d86d3bf10ce2b44e33d86923c29e4d675b3e323437ea3e"},
    {file = "mypy-1.15.0.tar.gz", hash = "sha256:404534629d51d3efea5c800ee7c42b72a6554d6c400e6a79eafe15d11341fd43"},
]

[package.dependencies]
mypy_extensions = ">=1.0.0"
tomli = {version = ">=1.1.0", markers = "python_version < \"3.11\""}
typing_extensions = ">=4.6.0"

[package.extras]
dmypy = ["psutil (>=4.0)"]
faster-cache = ["orjson"]
install-types = ["pip"]
mypyc = ["setuptools (>=50)"]
reports = ["lxml"]

[[package]]
name = "mypy-extensions"
version = "1.0.0"
description = "Type system extensions for programs checked with the mypy type checker."
optional = false
python-versions = ">=3.5"
files = [
    {file = "mypy_extensions-1.0.0-py3-none-any.whl", hash = "sha256:4392f6c0eb8a5668a69e23d168ffa70f0be9ccfd32b5cc2d26a34ae5b844552d"},
    {file = "mypy_extensions-1.0.0.tar.gz", hash = "sha256:75dbf8955dc00442a438fc4d0666508a9a97b6bd41aa2f0ffe9d2f2725af0782"},
]

[[package]]
name = "packaging"
version = "24.2"
description = "Core utilities for Python packages"
optional = false
python-versions = ">=3.8"
files = [
    {file = "packaging-24.2-py3-none-any.whl", hash = "sha256:09abb1bccd265c01f4a3aa3f7a7db064b36514d2cba19a2f694fe6150451a759"},
    {file = "packaging-24.2.tar.gz", hash = "sha256:c228a6dc5e932d346bc5739379109d49e8853dd8223571c7c5b55260edc0b97f"},
]

[[package]]
name = "pluggy"
version = "1.5.0"
description = "plugin and hook calling mechanisms for python"
optional = false
python-versions = ">=3.8"
files = [
    {file = "pluggy-1.5.0-py3-none-any.whl", hash = "sha256:44e1ad92c8ca002de6377e165f3e0f1be63266ab4d554740532335b9d75ea669"},
    {file = "pluggy-1.5.0.tar.gz", hash = "sha256:2cffa88e94fdc978c4c574f15f9e59b7f4201d439195c3715ca9e2486f1d0cf1"},
]

[package.extras]
dev = ["pre-commit", "tox"]
testing = ["pytest", "pytest-benchmark"]

[[package]]
name = "pygments"
version = "2.19.1"
description = "Pygments is a syntax highlighting package written in Python."
optional = false
python-versions = ">=3.8"
files = [
    {file = "pygments-2.19.1-py3-none-any.whl", hash = "sha256:9ea1544ad55cecf4b8242fab6dd35a93bbce657034b0611ee383099054ab6d8c"},
    {file = "pygments-2.19.1.tar.gz", hash = "sha256:61c16d2a8576dc0649d9f39e089b5f02bcd27fba10d8fb4dcc28173f7a45151f"},
]

[package.extras]
windows-terminal = ["colorama (>=0.4.6)"]

[[package]]
name = "pytest"
version = "8.3.5"
description = "pytest: simple powerful testing with Python"
optional = false
python-versions = ">=3.8"
files = [
    {file = "pytest-8.3.5-py3-none-any.whl", hash = "sha256:c69214aa47deac29fad6c2a4f590b9c4a9fdb16a403176fe154b79c0b4d4d820"},
    {file = "pytest-8.3.5.tar.gz", hash = "sha256:f4efe70cc14e511565ac476b57c279e12a855b11f48f212af1080ef2263d3845"},
]

[package.dependencies]
colorama = {version = "*", markers = "sys_platform == \"win32\""}
exceptiongroup = {version = ">=1.0.0rc8", markers = "python_version < \"3.11\""}
iniconfig = "*"
packaging = "*"
pluggy = ">=1.5,<2"
tomli = {version = ">=1", markers = "python_version < \"3.11\""}

[package.extras]
dev = ["argcomplete", "attrs (>=19.2)", "hypothesis (>=3.56)", "mock", "pygments (>=2.7.2)", "requests", "setuptools", "xmlschema"]

[[package]]
name = "pytest-cov"
version = "6.0.0"
description = "Pytest plugin for measuring coverage."
optional = false
python-versions = ">=3.9"
files = [
    {file = "pytest-cov-6.0.0.tar.gz", hash = "sha256:fde0b595ca248bb8e2d76f020b465f3b107c9632e6a1d1705f17834c89dcadc0"},
    {file = "pytest_cov-6.0.0-py3-none-any.whl", hash = "sha256:eee6f1b9e61008bd34975a4d5bab25801eb31898b032dd55addc93e96fcaaa35"},
]

[package.dependencies]
coverage = {version = ">=7.5", extras = ["toml"]}
pytest = ">=4.6"

[package.extras]
testing = ["fields", "hunter", "process-tests", "pytest-xdist", "virtualenv"]

[[package]]
name = "pzp"
version = "0.0.28"
description = "Pure-python fzf-inspired element picker"
optional = false
python-versions = ">=3.6"
files = [
    {file = "pzp-0.0.28-py2.py3-none-any.whl", hash = "sha256:e90deea90538d99199f9b129f46d09a0b3308ab4b59512d8e8629bba49834da5"},
    {file = "pzp-0.0.28.tar.gz", hash = "sha256:c4edf1dafe724f9731cf8a5aed483f7f6b1016425c30855258b7e3fcb9bbd04e"},
]

[package.extras]
test = ["pytest"]

[[package]]
name = "rich"
version = "13.9.4"
description = "Render rich text, tables, progress bars, syntax highlighting, markdown and more to the terminal"
optional = false
python-versions = ">=3.8.0"
files = [
    {file = "rich-13.9.4-py3-none-any.whl", hash = "sha256:6049d5e6ec054bf2779ab3358186963bac2ea89175919d699e378b99738c2a90"},
    {file = "rich-13.9.4.tar.gz", hash = "sha256:439594978a49a09530cff7ebc4b5c7103ef57baf48d5ea3184f21d9a2befa098"},
]

[package.dependencies]
markdown-it-py = ">=2.2.0"
pygments = ">=2.13.0,<3.0.0"
typing-extensions = {version = ">=4.0.0,<5.0", markers = "python_version < \"3.11\""}

[package.extras]
jupyter = ["ipywidgets (>=7.5.1,<9)"]

[[package]]
name = "shellingham"
version = "1.5.4"
description = "Tool to Detect Surrounding Shell"
optional = false
python-versions = ">=3.7"
files = [
    {file = "shellingham-1.5.4-py2.py3-none-any.whl", hash = "sha256:7ecfff8f2fd72616f7481040475a65b2bf8af90a56c89140852d1120324e8686"},
    {file = "shellingham-1.5.4.tar.gz", hash = "sha256:8dbca0739d487e5bd35ab3ca4b36e11c4078f3a234bfce294b0a0291363404de"},
]

[[package]]
name = "tomli"
version = "2.2.1"
description = "A lil' TOML parser"
optional = false
python-versions = ">=3.8"
files = [
    {file = "tomli-2.2.1-cp311-cp311-macosx_10_9_x86_64.whl", hash = "sha256:678e4fa69e4575eb77d103de3df8a895e1591b48e740211bd1067378c69e8249"},
    {file = "tomli-2.2.1-cp311-cp311-macosx_11_0_arm64.whl", hash = "sha256:023aa114dd824ade0100497eb2318602af309e5a55595f76b626d6d9f3b7b0a6"},
    {file = "tomli-2.2.1-cp311-cp311-manylinux_2_17_aarch64.manylinux2014_aarch64.whl", hash = "sha256:ece47d672db52ac607a3d9599a9d48dcb2f2f735c6c2d1f34130085bb12b112a"},
    {file = "tomli-2.2.1-cp311-cp311-manylinux_2_17_x86_64.manylinux2014_x86_64.whl", hash = "sha256:6972ca9c9cc9f0acaa56a8ca1ff51e7af152a9f87fb64623e31d5c83700080ee"},
    {file = "tomli-2.2.1-cp311-cp311-manylinux_2_5_i686.manylinux1_i686.manylinux_2_17_i686.manylinux2014_i686.whl", hash = "sha256:c954d2250168d28797dd4e3ac5cf812a406cd5a92674ee4c8f123c889786aa8e"},
    {file = "tomli-2.2.1-cp311-cp311-musllinux_1_2_aarch64.whl", hash = "sha256:8dd28b3e155b80f4d54beb40a441d366adcfe740969820caf156c019fb5c7ec4"},
    {file = "tomli-2.2.1-cp311-cp311-musllinux_1_2_i686.whl", hash = "sha256:e59e304978767a54663af13c07b3d1af22ddee3bb2fb0618ca1593e4f593a106"},
    {file = "tomli-2.2.1-cp311-cp311-musllinux_1_2_x86_64.whl", hash = "sha256:33580bccab0338d00994d7f16f4c4ec25b776af3ffaac1ed74e0b3fc95e885a8"},
    {file = "tomli-2.2.1-cp311-cp311-win32.whl", hash = "sha256:465af0e0875402f1d226519c9904f37254b3045fc5084697cefb9bdde1ff99ff"},
    {file = "tomli-2.2.1-cp311-cp311-win_amd64.whl", hash = "sha256:2d0f2fdd22b02c6d81637a3c95f8cd77f995846af7414c5c4b8d0545afa1bc4b"},
    {file = "tomli-2.2.1-cp312-cp312-macosx_10_13_x86_64.whl", hash = "sha256:4a8f6e44de52d5e6c657c9fe83b562f5f4256d8ebbfe4ff922c495620a7f6cea"},
    {file = "tomli-2.2.1-cp312-cp312-macosx_11_0_arm64.whl", hash = "sha256:8d57ca8095a641b8237d5b079147646153d22552f1c637fd3ba7f4b0b29167a8"},
    {file = "tomli-2.2.1-cp312-cp312-manylinux_2_17_aarch64.manylinux2014_aarch64.whl", hash = "sha256:4e340144ad7ae1533cb897d406382b4b6fede8890a03738ff1683af800d54192"},
    {file = "tomli-2.2.1-cp312-cp312-manylinux_2_17_x86_64.manylinux2014_x86_64.whl", hash = "sha256:db2b95f9de79181805df90bedc5a5ab4c165e6ec3fe99f970d0e302f384ad222"},
    {file = "tomli-2.2.1-cp312-cp312-manylinux_2_5_i686.manylinux1_i686.manylinux_2_17_i686.manylinux2014_i686.whl", hash = "sha256:40741994320b232529c802f8bc86da4e1aa9f413db394617b9a256ae0f9a7f77"},
    {file = "tomli-2.2.1-cp312-cp312-musllinux_1_2_aarch64.whl", hash = "sha256:400e720fe168c0f8521520190686ef8ef033fb19fc493da09779e592861b78c6"},
    {file = "tomli-2.2.1-cp312-cp312-musllinux_1_2_i686.whl", hash = "sha256:02abe224de6ae62c19f090f68da4e27b10af2b93213d36cf44e6e1c5abd19fdd"},
    {file = "tomli-2.2.1-cp312-cp312-musllinux_1_2_x86_64.whl", hash = "sha256:b82ebccc8c8a36f2094e969560a1b836758481f3dc360ce9a3277c65f374285e"},
    {file = "tomli-2.2.1-cp312-cp312-win32.whl", hash = "sha256:889f80ef92701b9dbb224e49ec87c645ce5df3fa2cc548664eb8a25e03127a98"},
    {file = "tomli-2.2.1-cp312-cp312-win_amd64.whl", hash = "sha256:7fc04e92e1d624a4a63c76474610238576942d6b8950a2d7f908a340494e67e4"},
    {file = "tomli-2.2.1-cp313-cp313-macosx_10_13_x86_64.whl", hash = "sha256:f4039b9cbc3048b2416cc57ab3bda989a6fcf9b36cf8937f01a6e731b64f80d7"},
    {file = "tomli-2.2.1-cp313-cp313-macosx_11_0_arm64.whl", hash = "sha256:286f0ca2ffeeb5b9bd4fcc8d6c330534323ec51b2f52da063b11c502da16f30c"},
    {file = "tomli-2.2.1-cp313-cp313-manylinux_2_17_aarch64.manylinux2014_aarch64.whl", hash = "sha256:a92ef1a44547e894e2a17d24e7557a5e85a9e1d0048b0b5e7541f76c5032cb13"},
    {file = "tomli-2.2.1-cp313-cp313-manylinux_2_17_x86_64.manylinux2014_x86_64.whl", hash = "sha256:9316dc65bed1684c9a98ee68759ceaed29d229e985297003e494aa825ebb0281"},
    {file = "tomli-2.2.1-cp313-cp313-manylinux_2_5_i686.manylinux1_i686.manylinux_2_17_i686.manylinux2014_i686.whl", hash = "sha256:e85e99945e688e32d5a35c1ff38ed0b3f41f43fad8df0bdf79f72b2ba7bc5272"},
    {file = "tomli-2.2.1-cp313-cp313-musllinux_1_2_aarch64.whl", hash = "sha256:ac065718db92ca818f8d6141b5f66369833d4a80a9d74435a268c52bdfa73140"},
    {file = "tomli-2.2.1-cp313-cp313-musllinux_1_2_i686.whl", hash = "sha256:d920f33822747519673ee656a4b6ac33e382eca9d331c87770faa3eef562aeb2"},
    {file = "tomli-2.2.1-cp313-cp313-musllinux_1_2_x86_64.whl", hash = "sha256:a198f10c4d1b1375d7687bc25294306e551bf1abfa4eace6650070a5c1ae2744"},
    {file = "tomli-2.2.1-cp313-cp313-win32.whl", hash = "sha256:d3f5614314d758649ab2ab3a62d4f2004c825922f9e370b29416484086b264ec"},
    {file = "tomli-2.2.1-cp313-cp313-win_amd64.whl", hash = "sha256:a38aa0308e754b0e3c67e344754dff64999ff9b513e691d0e786265c93583c69"},
    {file = "tomli-2.2.1-py3-none-any.whl", hash = "sha256:cb55c73c5f4408779d0cf3eef9f762b9c9f147a77de7b258bef0a5628adc85cc"},
    {file = "tomli-2.2.1.tar.gz", hash = "sha256:cd45e1dc79c835ce60f7404ec8119f2eb06d38b1deba146f07ced3bbc44505ff"},
]

[[package]]
name = "typer"
version = "0.15.2"
description = "Typer, build great CLIs. Easy to code. Based on Python type hints."
optional = false
python-versions = ">=3.7"
files = [
    {file = "typer-0.15.2-py3-none-any.whl", hash = "sha256:46a499c6107d645a9c13f7ee46c5d5096cae6f5fc57dd11eccbbb9ae3e44ddfc"},
    {file = "typer-0.15.2.tar.gz", hash = "sha256:ab2fab47533a813c49fe1f16b1a370fd5819099c00b119e0633df65f22144ba5"},
]

[package.dependencies]
click = ">=8.0.0"
rich = ">=10.11.0"
shellingham = ">=1.3.0"
typing-extensions = ">=3.7.4.3"

[[package]]
name = "typing-extensions"
version = "4.12.2"
description = "Backported and Experimental Type Hints for Python 3.8+"
optional = false
python-versions = ">=3.8"
files = [
    {file = "typing_extensions-4.12.2-py3-none-any.whl", hash = "sha256:04e5ca0351e0f3f85c6853954072df659d0d13fac324d0072316b67d7794700d"},
    {file = "typing_extensions-4.12.2.tar.gz", hash = "sha256:1a7ead55c7e559dd4dee8856e3a88b41225abfe1ce8df57b7c13915fe121ffb8"},
]

[[package]]
name = "tzdata"
version = "2025.1"
description = "Provider of IANA time zone data"
optional = false
python-versions = ">=2"
files = [
    {file = "tzdata-2025.1-py2.py3-none-any.whl", hash = "sha256:7e127113816800496f027041c570f50bcd464a020098a3b6b199517772303639"},
    {file = "tzdata-2025.1.tar.gz", hash = "sha256:24894909e88cdb28bd1636c6887801df64cb485bd593f2fd83ef29075a81d694"},
]

[[package]]
name = "wakeonlan"
version = "3.1.0"
description = "A small python module for wake on lan."
optional = false
python-versions = ">=3.7,<4.0"
files = [
    {file = "wakeonlan-3.1.0-py3-none-any.whl", hash = "sha256:9414da87f48e5dc8a1bb0fa15aba5a0079cfd014231c4cc8e6f2477a0d078c7e"},
    {file = "wakeonlan-3.1.0.tar.gz", hash = "sha256:aa12edc2587353528a89ad58a54c63212dc2a12226c186b7fcc02caa162cd962"},
]

[[package]]
name = "websocket-client"
version = "1.8.0"
description = "WebSocket client for Python with low level API options"
optional = false
python-versions = ">=3.8"
files = [
    {file = "websocket_client-1.8.0-py3-none-any.whl", hash = "sha256:17b44cc997f5c498e809b22cdf2d9c7a9e71c02c8cc2b6c56e7c2d1239bfa526"},
    {file = "websocket_client-1.8.0.tar.gz", hash = "sha256:3239df9f44da632f96012472805d40a23281a991027ce11d2f45a6f24ac4c3da"},
]

[package.extras]
docs = ["Sphinx (>=6.0)", "myst-parser (>=2.0.0)", "sphinx-rtd-theme (>=1.1.0)"]
optional = ["python-socks", "wsaccel"]
test = ["websockets"]

[metadata]
lock-version = "2.0"
python-versions = "^3.9"
content-hash = "92bcc61fb58c8eeb1ede624872f45c864ade432217e0b7409433fd407b027f2a"
